
Microsoft Visual Studio Solution File, Format Version 12.00
# Visual Studio Version 17
VisualStudioVersion = 17.0.31903.59
MinimumVisualStudioVersion = 10.0.40219.1
Project("{2150E333-8FDC-42A3-9474-1A3956D46DE8}") = "DynamoDB", "DynamoDB", "{13D9E3D6-860F-4B82-8CF6-8FF2C4711CAA}"
EndProject
Project("{FAE04EC0-301F-11D3-BF4B-00C04F79EFBC}") = "Api", "DynamoDB\Api\Api.csproj", "{098F1513-50B4-4B88-9836-109FAF0A7328}"
EndProject
Project("{FAE04EC0-301F-11D3-BF4B-00C04F79EFBC}") = "Domain", "DynamoDB\Domain\Domain.csproj", "{AC95DB80-5A35-4D22-9D86-7BDFE4FB8AF7}"
EndProject
Project("{FAE04EC0-301F-11D3-BF4B-00C04F79EFBC}") = "Infra", "DynamoDB\Infra\Infra.csproj", "{C85122ED-C4EF-4A70-A0DC-95B12DB499AE}"
EndProject
Project("{FAE04EC0-301F-11D3-BF4B-00C04F79EFBC}") = "IoC", "DynamoDB\IoC\IoC.csproj", "{442EC3CE-B83B-4FD1-9CC0-87E5833CEBB1}"
EndProject
Project("{FAE04EC0-301F-11D3-BF4B-00C04F79EFBC}") = "Application", "DynamoDB\Application\Application.csproj", "{F2379687-3038-4A04-A456-C97D0B562158}"
EndProject
Project("{2150E333-8FDC-42A3-9474-1A3956D46DE8}") = "SQS", "SQS", "{5414EDBA-403C-4077-88A1-8055615BA608}"
EndProject
Project("{FAE04EC0-301F-11D3-BF4B-00C04F79EFBC}") = "Domain", "SQS\Domain\Domain.csproj", "{DC136150-1EA2-441B-9119-E3DEC7E3951E}"
EndProject
Project("{FAE04EC0-301F-11D3-BF4B-00C04F79EFBC}") = "Infra", "SQS\Infra\Infra.csproj", "{8566A835-E138-456A-984E-FAA47C4F20FF}"
EndProject
Project("{2150E333-8FDC-42A3-9474-1A3956D46DE8}") = "Microservices", "Microservices", "{020085FB-E0FA-45B0-B706-37C3F4B78641}"
EndProject
Project("{FAE04EC0-301F-11D3-BF4B-00C04F79EFBC}") = "Consumer", "SQS\Microservices\Consumer\Consumer.csproj", "{07C41895-E003-43E5-BE9F-E2EF170D030D}"
EndProject
Project("{FAE04EC0-301F-11D3-BF4B-00C04F79EFBC}") = "Producer", "SQS\Microservices\Producer\Producer.csproj", "{3EB3B7DB-E079-4EB6-B4C3-C7ECBDFFB1C5}"
EndProject
Project("{FAE04EC0-301F-11D3-BF4B-00C04F79EFBC}") = "IoC", "SQS\IoC\IoC.csproj", "{34BC7D79-BF71-4753-AD62-C14FF06D59B4}"
EndProject
Project("{2150E333-8FDC-42A3-9474-1A3956D46DE8}") = "SNS", "SNS", "{9B958F34-BE37-4E2C-9D88-031B9583F31F}"
EndProject
Project("{FAE04EC0-301F-11D3-BF4B-00C04F79EFBC}") = "Domain", "SNS\Domain\Domain.csproj", "{66F68A24-65DF-4BE9-892A-AE3CA4836924}"
EndProject
Project("{FAE04EC0-301F-11D3-BF4B-00C04F79EFBC}") = "Infra", "SNS\Infra\Infra.csproj", "{A9BDEBC4-899D-4DC0-9A3C-A8FC857AC0A8}"
EndProject
Project("{FAE04EC0-301F-11D3-BF4B-00C04F79EFBC}") = "IoC", "SNS\IoC\IoC.csproj", "{E7002175-027A-4099-893F-8FC8A901CAF3}"
EndProject
Project("{2150E333-8FDC-42A3-9474-1A3956D46DE8}") = "Microservices", "Microservices", "{D1DBF9AD-0092-42FB-A066-6A2F3C4FEB4D}"
EndProject
Project("{FAE04EC0-301F-11D3-BF4B-00C04F79EFBC}") = "Producer", "SNS\Microservices\Producer\Producer.csproj", "{4C1F1093-10CA-4CF9-AE79-5ED446EAA785}"
EndProject
Project("{FAE04EC0-301F-11D3-BF4B-00C04F79EFBC}") = "Consumer", "SNS\Microservices\Consumer\Consumer.csproj", "{AA9FBF08-EE03-4E45-9D83-09EFC0A8078F}"
EndProject
Project("{2150E333-8FDC-42A3-9474-1A3956D46DE8}") = "SecretManager", "SecretManager", "{4618E4B2-2C37-4BEC-A99E-14132692130E}"
EndProject
Project("{FAE04EC0-301F-11D3-BF4B-00C04F79EFBC}") = "Domain", "SecretManager\Domain\Domain.csproj", "{6799A916-393A-4C5F-B45A-D37CA4D878FE}"
EndProject
Project("{FAE04EC0-301F-11D3-BF4B-00C04F79EFBC}") = "Infra", "SecretManager\Infra\Infra.csproj", "{3C07DE6F-AB63-4FF1-B79D-A381BC24E61E}"
EndProject
Project("{FAE04EC0-301F-11D3-BF4B-00C04F79EFBC}") = "IoC", "SecretManager\IoC\IoC.csproj", "{CAD4A5E8-4B83-4538-A1D6-DDE3E6F11A24}"
EndProject
Project("{FAE04EC0-301F-11D3-BF4B-00C04F79EFBC}") = "Application", "SecretManager\Application\Application.csproj", "{761EA8C5-3ABC-4A88-8C64-675202DCC216}"
EndProject
Project("{FAE04EC0-301F-11D3-BF4B-00C04F79EFBC}") = "Api", "SecretManager\Api\Api.csproj", "{93865EEF-4F44-4DF0-8D23-798946EF090E}"
EndProject
Global
	GlobalSection(SolutionConfigurationPlatforms) = preSolution
		Debug|Any CPU = Debug|Any CPU
		Release|Any CPU = Release|Any CPU
	EndGlobalSection
	GlobalSection(SolutionProperties) = preSolution
		HideSolutionNode = FALSE
	EndGlobalSection
	GlobalSection(ProjectConfigurationPlatforms) = postSolution
		{098F1513-50B4-4B88-9836-109FAF0A7328}.Debug|Any CPU.ActiveCfg = Debug|Any CPU
		{098F1513-50B4-4B88-9836-109FAF0A7328}.Debug|Any CPU.Build.0 = Debug|Any CPU
		{098F1513-50B4-4B88-9836-109FAF0A7328}.Release|Any CPU.ActiveCfg = Release|Any CPU
		{098F1513-50B4-4B88-9836-109FAF0A7328}.Release|Any CPU.Build.0 = Release|Any CPU
		{AC95DB80-5A35-4D22-9D86-7BDFE4FB8AF7}.Debug|Any CPU.ActiveCfg = Debug|Any CPU
		{AC95DB80-5A35-4D22-9D86-7BDFE4FB8AF7}.Debug|Any CPU.Build.0 = Debug|Any CPU
		{AC95DB80-5A35-4D22-9D86-7BDFE4FB8AF7}.Release|Any CPU.ActiveCfg = Release|Any CPU
		{AC95DB80-5A35-4D22-9D86-7BDFE4FB8AF7}.Release|Any CPU.Build.0 = Release|Any CPU
		{C85122ED-C4EF-4A70-A0DC-95B12DB499AE}.Debug|Any CPU.ActiveCfg = Debug|Any CPU
		{C85122ED-C4EF-4A70-A0DC-95B12DB499AE}.Debug|Any CPU.Build.0 = Debug|Any CPU
		{C85122ED-C4EF-4A70-A0DC-95B12DB499AE}.Release|Any CPU.ActiveCfg = Release|Any CPU
		{C85122ED-C4EF-4A70-A0DC-95B12DB499AE}.Release|Any CPU.Build.0 = Release|Any CPU
		{442EC3CE-B83B-4FD1-9CC0-87E5833CEBB1}.Debug|Any CPU.ActiveCfg = Debug|Any CPU
		{442EC3CE-B83B-4FD1-9CC0-87E5833CEBB1}.Debug|Any CPU.Build.0 = Debug|Any CPU
		{442EC3CE-B83B-4FD1-9CC0-87E5833CEBB1}.Release|Any CPU.ActiveCfg = Release|Any CPU
		{442EC3CE-B83B-4FD1-9CC0-87E5833CEBB1}.Release|Any CPU.Build.0 = Release|Any CPU
		{F2379687-3038-4A04-A456-C97D0B562158}.Debug|Any CPU.ActiveCfg = Debug|Any CPU
		{F2379687-3038-4A04-A456-C97D0B562158}.Debug|Any CPU.Build.0 = Debug|Any CPU
		{F2379687-3038-4A04-A456-C97D0B562158}.Release|Any CPU.ActiveCfg = Release|Any CPU
		{F2379687-3038-4A04-A456-C97D0B562158}.Release|Any CPU.Build.0 = Release|Any CPU
		{DC136150-1EA2-441B-9119-E3DEC7E3951E}.Debug|Any CPU.ActiveCfg = Debug|Any CPU
		{DC136150-1EA2-441B-9119-E3DEC7E3951E}.Debug|Any CPU.Build.0 = Debug|Any CPU
		{DC136150-1EA2-441B-9119-E3DEC7E3951E}.Release|Any CPU.ActiveCfg = Release|Any CPU
		{DC136150-1EA2-441B-9119-E3DEC7E3951E}.Release|Any CPU.Build.0 = Release|Any CPU
		{8566A835-E138-456A-984E-FAA47C4F20FF}.Debug|Any CPU.ActiveCfg = Debug|Any CPU
		{8566A835-E138-456A-984E-FAA47C4F20FF}.Debug|Any CPU.Build.0 = Debug|Any CPU
		{8566A835-E138-456A-984E-FAA47C4F20FF}.Release|Any CPU.ActiveCfg = Release|Any CPU
		{8566A835-E138-456A-984E-FAA47C4F20FF}.Release|Any CPU.Build.0 = Release|Any CPU
		{07C41895-E003-43E5-BE9F-E2EF170D030D}.Debug|Any CPU.ActiveCfg = Debug|Any CPU
		{07C41895-E003-43E5-BE9F-E2EF170D030D}.Debug|Any CPU.Build.0 = Debug|Any CPU
		{07C41895-E003-43E5-BE9F-E2EF170D030D}.Release|Any CPU.ActiveCfg = Release|Any CPU
		{07C41895-E003-43E5-BE9F-E2EF170D030D}.Release|Any CPU.Build.0 = Release|Any CPU
		{3EB3B7DB-E079-4EB6-B4C3-C7ECBDFFB1C5}.Debug|Any CPU.ActiveCfg = Debug|Any CPU
		{3EB3B7DB-E079-4EB6-B4C3-C7ECBDFFB1C5}.Debug|Any CPU.Build.0 = Debug|Any CPU
		{3EB3B7DB-E079-4EB6-B4C3-C7ECBDFFB1C5}.Release|Any CPU.ActiveCfg = Release|Any CPU
		{3EB3B7DB-E079-4EB6-B4C3-C7ECBDFFB1C5}.Release|Any CPU.Build.0 = Release|Any CPU
		{34BC7D79-BF71-4753-AD62-C14FF06D59B4}.Debug|Any CPU.ActiveCfg = Debug|Any CPU
		{34BC7D79-BF71-4753-AD62-C14FF06D59B4}.Debug|Any CPU.Build.0 = Debug|Any CPU
		{34BC7D79-BF71-4753-AD62-C14FF06D59B4}.Release|Any CPU.ActiveCfg = Release|Any CPU
		{34BC7D79-BF71-4753-AD62-C14FF06D59B4}.Release|Any CPU.Build.0 = Release|Any CPU
		{66F68A24-65DF-4BE9-892A-AE3CA4836924}.Debug|Any CPU.ActiveCfg = Debug|Any CPU
		{66F68A24-65DF-4BE9-892A-AE3CA4836924}.Debug|Any CPU.Build.0 = Debug|Any CPU
		{66F68A24-65DF-4BE9-892A-AE3CA4836924}.Release|Any CPU.ActiveCfg = Release|Any CPU
		{66F68A24-65DF-4BE9-892A-AE3CA4836924}.Release|Any CPU.Build.0 = Release|Any CPU
		{A9BDEBC4-899D-4DC0-9A3C-A8FC857AC0A8}.Debug|Any CPU.ActiveCfg = Debug|Any CPU
		{A9BDEBC4-899D-4DC0-9A3C-A8FC857AC0A8}.Debug|Any CPU.Build.0 = Debug|Any CPU
		{A9BDEBC4-899D-4DC0-9A3C-A8FC857AC0A8}.Release|Any CPU.ActiveCfg = Release|Any CPU
		{A9BDEBC4-899D-4DC0-9A3C-A8FC857AC0A8}.Release|Any CPU.Build.0 = Release|Any CPU
		{E7002175-027A-4099-893F-8FC8A901CAF3}.Debug|Any CPU.ActiveCfg = Debug|Any CPU
		{E7002175-027A-4099-893F-8FC8A901CAF3}.Debug|Any CPU.Build.0 = Debug|Any CPU
		{E7002175-027A-4099-893F-8FC8A901CAF3}.Release|Any CPU.ActiveCfg = Release|Any CPU
		{E7002175-027A-4099-893F-8FC8A901CAF3}.Release|Any CPU.Build.0 = Release|Any CPU
		{4C1F1093-10CA-4CF9-AE79-5ED446EAA785}.Debug|Any CPU.ActiveCfg = Debug|Any CPU
		{4C1F1093-10CA-4CF9-AE79-5ED446EAA785}.Debug|Any CPU.Build.0 = Debug|Any CPU
		{4C1F1093-10CA-4CF9-AE79-5ED446EAA785}.Release|Any CPU.ActiveCfg = Release|Any CPU
		{4C1F1093-10CA-4CF9-AE79-5ED446EAA785}.Release|Any CPU.Build.0 = Release|Any CPU
		{AA9FBF08-EE03-4E45-9D83-09EFC0A8078F}.Debug|Any CPU.ActiveCfg = Debug|Any CPU
		{AA9FBF08-EE03-4E45-9D83-09EFC0A8078F}.Debug|Any CPU.Build.0 = Debug|Any CPU
		{AA9FBF08-EE03-4E45-9D83-09EFC0A8078F}.Release|Any CPU.ActiveCfg = Release|Any CPU
		{AA9FBF08-EE03-4E45-9D83-09EFC0A8078F}.Release|Any CPU.Build.0 = Release|Any CPU
		{6799A916-393A-4C5F-B45A-D37CA4D878FE}.Debug|Any CPU.ActiveCfg = Debug|Any CPU
		{6799A916-393A-4C5F-B45A-D37CA4D878FE}.Debug|Any CPU.Build.0 = Debug|Any CPU
		{6799A916-393A-4C5F-B45A-D37CA4D878FE}.Release|Any CPU.ActiveCfg = Release|Any CPU
		{6799A916-393A-4C5F-B45A-D37CA4D878FE}.Release|Any CPU.Build.0 = Release|Any CPU
		{3C07DE6F-AB63-4FF1-B79D-A381BC24E61E}.Debug|Any CPU.ActiveCfg = Debug|Any CPU
		{3C07DE6F-AB63-4FF1-B79D-A381BC24E61E}.Debug|Any CPU.Build.0 = Debug|Any CPU
		{3C07DE6F-AB63-4FF1-B79D-A381BC24E61E}.Release|Any CPU.ActiveCfg = Release|Any CPU
		{3C07DE6F-AB63-4FF1-B79D-A381BC24E61E}.Release|Any CPU.Build.0 = Release|Any CPU
		{CAD4A5E8-4B83-4538-A1D6-DDE3E6F11A24}.Debug|Any CPU.ActiveCfg = Debug|Any CPU
		{CAD4A5E8-4B83-4538-A1D6-DDE3E6F11A24}.Debug|Any CPU.Build.0 = Debug|Any CPU
		{CAD4A5E8-4B83-4538-A1D6-DDE3E6F11A24}.Release|Any CPU.ActiveCfg = Release|Any CPU
		{CAD4A5E8-4B83-4538-A1D6-DDE3E6F11A24}.Release|Any CPU.Build.0 = Release|Any CPU
		{761EA8C5-3ABC-4A88-8C64-675202DCC216}.Debug|Any CPU.ActiveCfg = Debug|Any CPU
		{761EA8C5-3ABC-4A88-8C64-675202DCC216}.Debug|Any CPU.Build.0 = Debug|Any CPU
		{761EA8C5-3ABC-4A88-8C64-675202DCC216}.Release|Any CPU.ActiveCfg = Release|Any CPU
		{761EA8C5-3ABC-4A88-8C64-675202DCC216}.Release|Any CPU.Build.0 = Release|Any CPU
		{93865EEF-4F44-4DF0-8D23-798946EF090E}.Debug|Any CPU.ActiveCfg = Debug|Any CPU
		{93865EEF-4F44-4DF0-8D23-798946EF090E}.Debug|Any CPU.Build.0 = Debug|Any CPU
		{93865EEF-4F44-4DF0-8D23-798946EF090E}.Release|Any CPU.ActiveCfg = Release|Any CPU
		{93865EEF-4F44-4DF0-8D23-798946EF090E}.Release|Any CPU.Build.0 = Release|Any CPU
	EndGlobalSection
	GlobalSection(NestedProjects) = preSolution
		{098F1513-50B4-4B88-9836-109FAF0A7328} = {13D9E3D6-860F-4B82-8CF6-8FF2C4711CAA}
		{AC95DB80-5A35-4D22-9D86-7BDFE4FB8AF7} = {13D9E3D6-860F-4B82-8CF6-8FF2C4711CAA}
		{C85122ED-C4EF-4A70-A0DC-95B12DB499AE} = {13D9E3D6-860F-4B82-8CF6-8FF2C4711CAA}
		{442EC3CE-B83B-4FD1-9CC0-87E5833CEBB1} = {13D9E3D6-860F-4B82-8CF6-8FF2C4711CAA}
		{F2379687-3038-4A04-A456-C97D0B562158} = {13D9E3D6-860F-4B82-8CF6-8FF2C4711CAA}
		{DC136150-1EA2-441B-9119-E3DEC7E3951E} = {5414EDBA-403C-4077-88A1-8055615BA608}
		{8566A835-E138-456A-984E-FAA47C4F20FF} = {5414EDBA-403C-4077-88A1-8055615BA608}
		{020085FB-E0FA-45B0-B706-37C3F4B78641} = {5414EDBA-403C-4077-88A1-8055615BA608}
		{07C41895-E003-43E5-BE9F-E2EF170D030D} = {020085FB-E0FA-45B0-B706-37C3F4B78641}
		{3EB3B7DB-E079-4EB6-B4C3-C7ECBDFFB1C5} = {020085FB-E0FA-45B0-B706-37C3F4B78641}
		{34BC7D79-BF71-4753-AD62-C14FF06D59B4} = {5414EDBA-403C-4077-88A1-8055615BA608}
		{66F68A24-65DF-4BE9-892A-AE3CA4836924} = {9B958F34-BE37-4E2C-9D88-031B9583F31F}
		{A9BDEBC4-899D-4DC0-9A3C-A8FC857AC0A8} = {9B958F34-BE37-4E2C-9D88-031B9583F31F}
		{E7002175-027A-4099-893F-8FC8A901CAF3} = {9B958F34-BE37-4E2C-9D88-031B9583F31F}
		{D1DBF9AD-0092-42FB-A066-6A2F3C4FEB4D} = {9B958F34-BE37-4E2C-9D88-031B9583F31F}
		{4C1F1093-10CA-4CF9-AE79-5ED446EAA785} = {D1DBF9AD-0092-42FB-A066-6A2F3C4FEB4D}
		{AA9FBF08-EE03-4E45-9D83-09EFC0A8078F} = {D1DBF9AD-0092-42FB-A066-6A2F3C4FEB4D}
		{6799A916-393A-4C5F-B45A-D37CA4D878FE} = {4618E4B2-2C37-4BEC-A99E-14132692130E}
		{3C07DE6F-AB63-4FF1-B79D-A381BC24E61E} = {4618E4B2-2C37-4BEC-A99E-14132692130E}
		{CAD4A5E8-4B83-4538-A1D6-DDE3E6F11A24} = {4618E4B2-2C37-4BEC-A99E-14132692130E}
		{761EA8C5-3ABC-4A88-8C64-675202DCC216} = {4618E4B2-2C37-4BEC-A99E-14132692130E}
		{93865EEF-4F44-4DF0-8D23-798946EF090E} = {4618E4B2-2C37-4BEC-A99E-14132692130E}
	EndGlobalSection
EndGlobal
